
Microsoft Visual Studio Solution File, Format Version 11.00
# Visual Studio 2010
Project("{FAE04EC0-301F-11D3-BF4B-00C04F79EFBC}") = "RemoteControlledRobot.Robot", "RemoteControlledRobot.Robot\RemoteControlledRobot.Robot.csproj", "{B8714FF2-EED5-473D-B0C1-5D46C1C96A14}"
EndProject
Project("{FAE04EC0-301F-11D3-BF4B-00C04F79EFBC}") = "RemoteControlledRobot.Controller", "RemoteControlledRobot.Controller\RemoteControlledRobot.Controller.csproj", "{1489CDE4-6D30-458E-AF51-037803D3391E}"
EndProject
Project("{FAE04EC0-301F-11D3-BF4B-00C04F79EFBC}") = "RemoteControlledRobot.RobotApi", "RemoteControlledRobot.RobotApi\RemoteControlledRobot.RobotApi.csproj", "{17D3EB9E-0ECC-4476-8D3D-44F1CAFD4586}"
EndProject
Global
	GlobalSection(SolutionConfigurationPlatforms) = preSolution
		Debug|Any CPU = Debug|Any CPU
		Release|Any CPU = Release|Any CPU
	EndGlobalSection
	GlobalSection(ProjectConfigurationPlatforms) = postSolution
		{B8714FF2-EED5-473D-B0C1-5D46C1C96A14}.Debug|Any CPU.ActiveCfg = Debug|Any CPU
		{B8714FF2-EED5-473D-B0C1-5D46C1C96A14}.Debug|Any CPU.Build.0 = Debug|Any CPU
		{B8714FF2-EED5-473D-B0C1-5D46C1C96A14}.Debug|Any CPU.Deploy.0 = Debug|Any CPU
		{B8714FF2-EED5-473D-B0C1-5D46C1C96A14}.Release|Any CPU.ActiveCfg = Release|Any CPU
		{B8714FF2-EED5-473D-B0C1-5D46C1C96A14}.Release|Any CPU.Build.0 = Release|Any CPU
		{B8714FF2-EED5-473D-B0C1-5D46C1C96A14}.Release|Any CPU.Deploy.0 = Release|Any CPU
		{1489CDE4-6D30-458E-AF51-037803D3391E}.Debug|Any CPU.ActiveCfg = Debug|Any CPU
		{1489CDE4-6D30-458E-AF51-037803D3391E}.Debug|Any CPU.Build.0 = Debug|Any CPU
		{1489CDE4-6D30-458E-AF51-037803D3391E}.Debug|Any CPU.Deploy.0 = Debug|Any CPU
		{1489CDE4-6D30-458E-AF51-037803D3391E}.Release|Any CPU.ActiveCfg = Release|Any CPU
		{1489CDE4-6D30-458E-AF51-037803D3391E}.Release|Any CPU.Build.0 = Release|Any CPU
		{1489CDE4-6D30-458E-AF51-037803D3391E}.Release|Any CPU.Deploy.0 = Release|Any CPU
		{17D3EB9E-0ECC-4476-8D3D-44F1CAFD4586}.Debug|Any CPU.ActiveCfg = Debug|Any CPU
		{17D3EB9E-0ECC-4476-8D3D-44F1CAFD4586}.Debug|Any CPU.Build.0 = Debug|Any CPU
		{17D3EB9E-0ECC-4476-8D3D-44F1CAFD4586}.Release|Any CPU.ActiveCfg = Release|Any CPU
		{17D3EB9E-0ECC-4476-8D3D-44F1CAFD4586}.Release|Any CPU.Build.0 = Release|Any CPU
	EndGlobalSection
	GlobalSection(SolutionProperties) = preSolution
		HideSolutionNode = FALSE
	EndGlobalSection
EndGlobal
